// !$*UTF8*$!
{
	archiveVersion = 1;
	classes = {
	};
	objectVersion = 56;
	objects = {

/* Begin PBXBuildFile section */
		D429EDD52BFB4A3400E6F7FA /* AppDelegate.swift in Sources */ = {isa = PBXBuildFile; fileRef = D429EDD42BFB4A3400E6F7FA /* AppDelegate.swift */; };
		D429EDD72BFB4A3400E6F7FA /* SceneDelegate.swift in Sources */ = {isa = PBXBuildFile; fileRef = D429EDD62BFB4A3400E6F7FA /* SceneDelegate.swift */; };
		D429EDDC2BFB4A3400E6F7FA /* Main.storyboard in Resources */ = {isa = PBXBuildFile; fileRef = D429EDDA2BFB4A3400E6F7FA /* Main.storyboard */; };
		D429EDDE2BFB4A3700E6F7FA /* Assets.xcassets in Resources */ = {isa = PBXBuildFile; fileRef = D429EDDD2BFB4A3700E6F7FA /* Assets.xcassets */; };
		D429EDE12BFB4A3700E6F7FA /* LaunchScreen.storyboard in Resources */ = {isa = PBXBuildFile; fileRef = D429EDDF2BFB4A3700E6F7FA /* LaunchScreen.storyboard */; };
		D429EDE92BFB4AA800E6F7FA /* RestaurantTableViewController.swift in Sources */ = {isa = PBXBuildFile; fileRef = D429EDE82BFB4AA800E6F7FA /* RestaurantTableViewController.swift */; };
		D429EDEB2BFB759900E6F7FA /* RestaurantTableViewCell.swift in Sources */ = {isa = PBXBuildFile; fileRef = D429EDEA2BFB759900E6F7FA /* RestaurantTableViewCell.swift */; };
		D429EDED2BFCFBCA00E6F7FA /* Restaurant.swift in Sources */ = {isa = PBXBuildFile; fileRef = D429EDEC2BFCFBCA00E6F7FA /* Restaurant.swift */; };
		D429EDF32BFD82ED00E6F7FA /* RestaurantDiffableDataSource.swift in Sources */ = {isa = PBXBuildFile; fileRef = D429EDF22BFD82ED00E6F7FA /* RestaurantDiffableDataSource.swift */; };
		D429EDF52BFDB86400E6F7FA /* RestaurantDetailViewController.swift in Sources */ = {isa = PBXBuildFile; fileRef = D429EDF42BFDB86400E6F7FA /* RestaurantDetailViewController.swift */; };
		D472D95B2BFE19E300CBE5E5 /* Nunito-Regular.ttf in Resources */ = {isa = PBXBuildFile; fileRef = D472D9592BFE19C200CBE5E5 /* Nunito-Regular.ttf */; };
		D472D95C2BFE19E300CBE5E5 /* Nunito-Bold.ttf in Resources */ = {isa = PBXBuildFile; fileRef = D472D95A2BFE19C200CBE5E5 /* Nunito-Bold.ttf */; };
		D472D95E2BFEF6BA00CBE5E5 /* RestaurantDetailHeaderView.swift in Sources */ = {isa = PBXBuildFile; fileRef = D472D95D2BFEF6BA00CBE5E5 /* RestaurantDetailHeaderView.swift */; };
/* End PBXBuildFile section */

/* Begin PBXFileReference section */
		D429EDD12BFB4A3400E6F7FA /* FoodPin.app */ = {isa = PBXFileReference; explicitFileType = wrapper.application; includeInIndex = 0; path = FoodPin.app; sourceTree = BUILT_PRODUCTS_DIR; };
		D429EDD42BFB4A3400E6F7FA /* AppDelegate.swift */ = {isa = PBXFileReference; lastKnownFileType = sourcecode.swift; path = AppDelegate.swift; sourceTree = "<group>"; };
		D429EDD62BFB4A3400E6F7FA /* SceneDelegate.swift */ = {isa = PBXFileReference; lastKnownFileType = sourcecode.swift; path = SceneDelegate.swift; sourceTree = "<group>"; };
		D429EDDB2BFB4A3400E6F7FA /* Base */ = {isa = PBXFileReference; lastKnownFileType = file.storyboard; name = Base; path = Base.lproj/Main.storyboard; sourceTree = "<group>"; };
		D429EDDD2BFB4A3700E6F7FA /* Assets.xcassets */ = {isa = PBXFileReference; lastKnownFileType = folder.assetcatalog; path = Assets.xcassets; sourceTree = "<group>"; };
		D429EDE02BFB4A3700E6F7FA /* Base */ = {isa = PBXFileReference; lastKnownFileType = file.storyboard; name = Base; path = Base.lproj/LaunchScreen.storyboard; sourceTree = "<group>"; };
		D429EDE22BFB4A3700E6F7FA /* Info.plist */ = {isa = PBXFileReference; lastKnownFileType = text.plist.xml; path = Info.plist; sourceTree = "<group>"; };
		D429EDE82BFB4AA800E6F7FA /* RestaurantTableViewController.swift */ = {isa = PBXFileReference; lastKnownFileType = sourcecode.swift; path = RestaurantTableViewController.swift; sourceTree = "<group>"; };
		D429EDEA2BFB759900E6F7FA /* RestaurantTableViewCell.swift */ = {isa = PBXFileReference; lastKnownFileType = sourcecode.swift; path = RestaurantTableViewCell.swift; sourceTree = "<group>"; };
		D429EDEC2BFCFBCA00E6F7FA /* Restaurant.swift */ = {isa = PBXFileReference; lastKnownFileType = sourcecode.swift; path = Restaurant.swift; sourceTree = "<group>"; };
		D429EDF22BFD82ED00E6F7FA /* RestaurantDiffableDataSource.swift */ = {isa = PBXFileReference; lastKnownFileType = sourcecode.swift; path = RestaurantDiffableDataSource.swift; sourceTree = "<group>"; };
		D429EDF42BFDB86400E6F7FA /* RestaurantDetailViewController.swift */ = {isa = PBXFileReference; lastKnownFileType = sourcecode.swift; path = RestaurantDetailViewController.swift; sourceTree = "<group>"; };
		D472D9592BFE19C200CBE5E5 /* Nunito-Regular.ttf */ = {isa = PBXFileReference; lastKnownFileType = file; path = "Nunito-Regular.ttf"; sourceTree = "<group>"; };
		D472D95A2BFE19C200CBE5E5 /* Nunito-Bold.ttf */ = {isa = PBXFileReference; lastKnownFileType = file; path = "Nunito-Bold.ttf"; sourceTree = "<group>"; };
		D472D95D2BFEF6BA00CBE5E5 /* RestaurantDetailHeaderView.swift */ = {isa = PBXFileReference; lastKnownFileType = sourcecode.swift; path = RestaurantDetailHeaderView.swift; sourceTree = "<group>"; };
/* End PBXFileReference section */

/* Begin PBXFrameworksBuildPhase section */
		D429EDCE2BFB4A3400E6F7FA /* Frameworks */ = {
			isa = PBXFrameworksBuildPhase;
			buildActionMask = 2147483647;
			files = (
			);
			runOnlyForDeploymentPostprocessing = 0;
		};
/* End PBXFrameworksBuildPhase section */

/* Begin PBXGroup section */
		D429EDC82BFB4A3400E6F7FA = {
			isa = PBXGroup;
			children = (
				D429EDD32BFB4A3400E6F7FA /* FoodPin */,
				D429EDD22BFB4A3400E6F7FA /* Products */,
			);
			sourceTree = "<group>";
		};
		D429EDD22BFB4A3400E6F7FA /* Products */ = {
			isa = PBXGroup;
			children = (
				D429EDD12BFB4A3400E6F7FA /* FoodPin.app */,
			);
			name = Products;
			sourceTree = "<group>";
		};
		D429EDD32BFB4A3400E6F7FA /* FoodPin */ = {
			isa = PBXGroup;
			children = (
				D472D9572BFE193A00CBE5E5 /* Resources */,
				D429EDEE2BFD00F300E6F7FA /* Storyboard */,
				D429EDF02BFD013900E6F7FA /* Controller */,
				D429EDF12BFD014800E6F7FA /* View */,
				D429EDEF2BFD010A00E6F7FA /* Model */,
				D429EDD42BFB4A3400E6F7FA /* AppDelegate.swift */,
				D429EDD62BFB4A3400E6F7FA /* SceneDelegate.swift */,
				D429EDDD2BFB4A3700E6F7FA /* Assets.xcassets */,
				D429EDE22BFB4A3700E6F7FA /* Info.plist */,
			);
			path = FoodPin;
			sourceTree = "<group>";
		};
		D429EDEE2BFD00F300E6F7FA /* Storyboard */ = {
			isa = PBXGroup;
			children = (
				D429EDDA2BFB4A3400E6F7FA /* Main.storyboard */,
				D429EDDF2BFB4A3700E6F7FA /* LaunchScreen.storyboard */,
			);
			path = Storyboard;
			sourceTree = "<group>";
		};
		D429EDEF2BFD010A00E6F7FA /* Model */ = {
			isa = PBXGroup;
			children = (
				D429EDEC2BFCFBCA00E6F7FA /* Restaurant.swift */,
				D429EDF22BFD82ED00E6F7FA /* RestaurantDiffableDataSource.swift */,
			);
			path = Model;
			sourceTree = "<group>";
		};
		D429EDF02BFD013900E6F7FA /* Controller */ = {
			isa = PBXGroup;
			children = (
				D429EDE82BFB4AA800E6F7FA /* RestaurantTableViewController.swift */,
				D429EDF42BFDB86400E6F7FA /* RestaurantDetailViewController.swift */,
			);
			path = Controller;
			sourceTree = "<group>";
		};
		D429EDF12BFD014800E6F7FA /* View */ = {
			isa = PBXGroup;
			children = (
				D429EDEA2BFB759900E6F7FA /* RestaurantTableViewCell.swift */,
				D472D95D2BFEF6BA00CBE5E5 /* RestaurantDetailHeaderView.swift */,
			);
			path = View;
			sourceTree = "<group>";
		};
		D472D9572BFE193A00CBE5E5 /* Resources */ = {
			isa = PBXGroup;
			children = (
				D472D9582BFE194A00CBE5E5 /* Fonts */,
			);
			path = Resources;
			sourceTree = "<group>";
		};
		D472D9582BFE194A00CBE5E5 /* Fonts */ = {
			isa = PBXGroup;
			children = (
				D472D95A2BFE19C200CBE5E5 /* Nunito-Bold.ttf */,
				D472D9592BFE19C200CBE5E5 /* Nunito-Regular.ttf */,
			);
			path = Fonts;
			sourceTree = "<group>";
		};
/* End PBXGroup section */

/* Begin PBXNativeTarget section */
		D429EDD02BFB4A3400E6F7FA /* FoodPin */ = {
			isa = PBXNativeTarget;
			buildConfigurationList = D429EDE52BFB4A3700E6F7FA /* Build configuration list for PBXNativeTarget "FoodPin" */;
			buildPhases = (
				D429EDCD2BFB4A3400E6F7FA /* Sources */,
				D429EDCE2BFB4A3400E6F7FA /* Frameworks */,
				D429EDCF2BFB4A3400E6F7FA /* Resources */,
			);
			buildRules = (
			);
			dependencies = (
			);
			name = FoodPin;
			productName = FoodPin;
			productReference = D429EDD12BFB4A3400E6F7FA /* FoodPin.app */;
			productType = "com.apple.product-type.application";
		};
/* End PBXNativeTarget section */

/* Begin PBXProject section */
		D429EDC92BFB4A3400E6F7FA /* Project object */ = {
			isa = PBXProject;
			attributes = {
				BuildIndependentTargetsInParallel = 1;
				LastSwiftUpdateCheck = 1420;
				LastUpgradeCheck = 1420;
				TargetAttributes = {
					D429EDD02BFB4A3400E6F7FA = {
						CreatedOnToolsVersion = 14.2;
					};
				};
			};
			buildConfigurationList = D429EDCC2BFB4A3400E6F7FA /* Build configuration list for PBXProject "FoodPin" */;
			compatibilityVersion = "Xcode 14.0";
			developmentRegion = en;
			hasScannedForEncodings = 0;
			knownRegions = (
				en,
				Base,
			);
			mainGroup = D429EDC82BFB4A3400E6F7FA;
			productRefGroup = D429EDD22BFB4A3400E6F7FA /* Products */;
			projectDirPath = "";
			projectRoot = "";
			targets = (
				D429EDD02BFB4A3400E6F7FA /* FoodPin */,
			);
		};
/* End PBXProject section */

/* Begin PBXResourcesBuildPhase section */
		D429EDCF2BFB4A3400E6F7FA /* Resources */ = {
			isa = PBXResourcesBuildPhase;
			buildActionMask = 2147483647;
			files = (
				D429EDE12BFB4A3700E6F7FA /* LaunchScreen.storyboard in Resources */,
				D472D95C2BFE19E300CBE5E5 /* Nunito-Bold.ttf in Resources */,
				D429EDDE2BFB4A3700E6F7FA /* Assets.xcassets in Resources */,
				D472D95B2BFE19E300CBE5E5 /* Nunito-Regular.ttf in Resources */,
				D429EDDC2BFB4A3400E6F7FA /* Main.storyboard in Resources */,
			);
			runOnlyForDeploymentPostprocessing = 0;
		};
/* End PBXResourcesBuildPhase section */

/* Begin PBXSourcesBuildPhase section */
		D429EDCD2BFB4A3400E6F7FA /* Sources */ = {
			isa = PBXSourcesBuildPhase;
			buildActionMask = 2147483647;
			files = (
				D429EDED2BFCFBCA00E6F7FA /* Restaurant.swift in Sources */,
				D429EDF52BFDB86400E6F7FA /* RestaurantDetailViewController.swift in Sources */,
				D429EDEB2BFB759900E6F7FA /* RestaurantTableViewCell.swift in Sources */,
				D429EDE92BFB4AA800E6F7FA /* RestaurantTableViewController.swift in Sources */,
				D429EDD52BFB4A3400E6F7FA /* AppDelegate.swift in Sources */,
				D429EDF32BFD82ED00E6F7FA /* RestaurantDiffableDataSource.swift in Sources */,
				D472D95E2BFEF6BA00CBE5E5 /* RestaurantDetailHeaderView.swift in Sources */,
				D429EDD72BFB4A3400E6F7FA /* SceneDelegate.swift in Sources */,
			);
			runOnlyForDeploymentPostprocessing = 0;
		};
/* End PBXSourcesBuildPhase section */

/* Begin PBXVariantGroup section */
		D429EDDA2BFB4A3400E6F7FA /* Main.storyboard */ = {
			isa = PBXVariantGroup;
			children = (
				D429EDDB2BFB4A3400E6F7FA /* Base */,
			);
			name = Main.storyboard;
			sourceTree = "<group>";
		};
		D429EDDF2BFB4A3700E6F7FA /* LaunchScreen.storyboard */ = {
			isa = PBXVariantGroup;
			children = (
				D429EDE02BFB4A3700E6F7FA /* Base */,
			);
			name = LaunchScreen.storyboard;
			sourceTree = "<group>";
		};
/* End PBXVariantGroup section */

/* Begin XCBuildConfiguration section */
		D429EDE32BFB4A3700E6F7FA /* Debug */ = {
			isa = XCBuildConfiguration;
			buildSettings = {
				ALWAYS_SEARCH_USER_PATHS = NO;
				CLANG_ANALYZER_NONNULL = YES;
				CLANG_ANALYZER_NUMBER_OBJECT_CONVERSION = YES_AGGRESSIVE;
				CLANG_CXX_LANGUAGE_STANDARD = "gnu++20";
				CLANG_ENABLE_MODULES = YES;
				CLANG_ENABLE_OBJC_ARC = YES;
				CLANG_ENABLE_OBJC_WEAK = YES;
				CLANG_WARN_BLOCK_CAPTURE_AUTORELEASING = YES;
				CLANG_WARN_BOOL_CONVERSION = YES;
				CLANG_WARN_COMMA = YES;
				CLANG_WARN_CONSTANT_CONVERSION = YES;
				CLANG_WARN_DEPRECATED_OBJC_IMPLEMENTATIONS = YES;
				CLANG_WARN_DIRECT_OBJC_ISA_USAGE = YES_ERROR;
				CLANG_WARN_DOCUMENTATION_COMMENTS = YES;
				CLANG_WARN_EMPTY_BODY = YES;
				CLANG_WARN_ENUM_CONVERSION = YES;
				CLANG_WARN_INFINITE_RECURSION = YES;
				CLANG_WARN_INT_CONVERSION = YES;
				CLANG_WARN_NON_LITERAL_NULL_CONVERSION = YES;
				CLANG_WARN_OBJC_IMPLICIT_RETAIN_SELF = YES;
				CLANG_WARN_OBJC_LITERAL_CONVERSION = YES;
				CLANG_WARN_OBJC_ROOT_CLASS = YES_ERROR;
				CLANG_WARN_QUOTED_INCLUDE_IN_FRAMEWORK_HEADER = YES;
				CLANG_WARN_RANGE_LOOP_ANALYSIS = YES;
				CLANG_WARN_STRICT_PROTOTYPES = YES;
				CLANG_WARN_SUSPICIOUS_MOVE = YES;
				CLANG_WARN_UNGUARDED_AVAILABILITY = YES_AGGRESSIVE;
				CLANG_WARN_UNREACHABLE_CODE = YES;
				CLANG_WARN__DUPLICATE_METHOD_MATCH = YES;
				COPY_PHASE_STRIP = NO;
				DEBUG_INFORMATION_FORMAT = dwarf;
				ENABLE_STRICT_OBJC_MSGSEND = YES;
				ENABLE_TESTABILITY = YES;
				GCC_C_LANGUAGE_STANDARD = gnu11;
				GCC_DYNAMIC_NO_PIC = NO;
				GCC_NO_COMMON_BLOCKS = YES;
				GCC_OPTIMIZATION_LEVEL = 0;
				GCC_PREPROCESSOR_DEFINITIONS = (
					"DEBUG=1",
					"$(inherited)",
				);
				GCC_WARN_64_TO_32_BIT_CONVERSION = YES;
				GCC_WARN_ABOUT_RETURN_TYPE = YES_ERROR;
				GCC_WARN_UNDECLARED_SELECTOR = YES;
				GCC_WARN_UNINITIALIZED_AUTOS = YES_AGGRESSIVE;
				GCC_WARN_UNUSED_FUNCTION = YES;
				GCC_WARN_UNUSED_VARIABLE = YES;
				IPHONEOS_DEPLOYMENT_TARGET = 16.2;
				MTL_ENABLE_DEBUG_INFO = INCLUDE_SOURCE;
				MTL_FAST_MATH = YES;
				ONLY_ACTIVE_ARCH = YES;
				SDKROOT = iphoneos;
				SWIFT_ACTIVE_COMPILATION_CONDITIONS = DEBUG;
				SWIFT_OPTIMIZATION_LEVEL = "-Onone";
			};
			name = Debug;
		};
		D429EDE42BFB4A3700E6F7FA /* Release */ = {
			isa = XCBuildConfiguration;
			buildSettings = {
				ALWAYS_SEARCH_USER_PATHS = NO;
				CLANG_ANALYZER_NONNULL = YES;
				CLANG_ANALYZER_NUMBER_OBJECT_CONVERSION = YES_AGGRESSIVE;
				CLANG_CXX_LANGUAGE_STANDARD = "gnu++20";
				CLANG_ENABLE_MODULES = YES;
				CLANG_ENABLE_OBJC_ARC = YES;
				CLANG_ENABLE_OBJC_WEAK = YES;
				CLANG_WARN_BLOCK_CAPTURE_AUTORELEASING = YES;
				CLANG_WARN_BOOL_CONVERSION = YES;
				CLANG_WARN_COMMA = YES;
				CLANG_WARN_CONSTANT_CONVERSION = YES;
				CLANG_WARN_DEPRECATED_OBJC_IMPLEMENTATIONS = YES;
				CLANG_WARN_DIRECT_OBJC_ISA_USAGE = YES_ERROR;
				CLANG_WARN_DOCUMENTATION_COMMENTS = YES;
				CLANG_WARN_EMPTY_BODY = YES;
				CLANG_WARN_ENUM_CONVERSION = YES;
				CLANG_WARN_INFINITE_RECURSION = YES;
				CLANG_WARN_INT_CONVERSION = YES;
				CLANG_WARN_NON_LITERAL_NULL_CONVERSION = YES;
				CLANG_WARN_OBJC_IMPLICIT_RETAIN_SELF = YES;
				CLANG_WARN_OBJC_LITERAL_CONVERSION = YES;
				CLANG_WARN_OBJC_ROOT_CLASS = YES_ERROR;
				CLANG_WARN_QUOTED_INCLUDE_IN_FRAMEWORK_HEADER = YES;
				CLANG_WARN_RANGE_LOOP_ANALYSIS = YES;
				CLANG_WARN_STRICT_PROTOTYPES = YES;
				CLANG_WARN_SUSPICIOUS_MOVE = YES;
				CLANG_WARN_UNGUARDED_AVAILABILITY = YES_AGGRESSIVE;
				CLANG_WARN_UNREACHABLE_CODE = YES;
				CLANG_WARN__DUPLICATE_METHOD_MATCH = YES;
				COPY_PHASE_STRIP = NO;
				DEBUG_INFORMATION_FORMAT = "dwarf-with-dsym";
				ENABLE_NS_ASSERTIONS = NO;
				ENABLE_STRICT_OBJC_MSGSEND = YES;
				GCC_C_LANGUAGE_STANDARD = gnu11;
				GCC_NO_COMMON_BLOCKS = YES;
				GCC_WARN_64_TO_32_BIT_CONVERSION = YES;
				GCC_WARN_ABOUT_RETURN_TYPE = YES_ERROR;
				GCC_WARN_UNDECLARED_SELECTOR = YES;
				GCC_WARN_UNINITIALIZED_AUTOS = YES_AGGRESSIVE;
				GCC_WARN_UNUSED_FUNCTION = YES;
				GCC_WARN_UNUSED_VARIABLE = YES;
				IPHONEOS_DEPLOYMENT_TARGET = 16.2;
				MTL_ENABLE_DEBUG_INFO = NO;
				MTL_FAST_MATH = YES;
				SDKROOT = iphoneos;
				SWIFT_COMPILATION_MODE = wholemodule;
				SWIFT_OPTIMIZATION_LEVEL = "-O";
				VALIDATE_PRODUCT = YES;
			};
			name = Release;
		};
		D429EDE62BFB4A3700E6F7FA /* Debug */ = {
			isa = XCBuildConfiguration;
			buildSettings = {
				ASSETCATALOG_COMPILER_APPICON_NAME = AppIcon;
				ASSETCATALOG_COMPILER_GLOBAL_ACCENT_COLOR_NAME = AccentColor;
				CODE_SIGN_STYLE = Automatic;
				CURRENT_PROJECT_VERSION = 1;
				DEVELOPMENT_TEAM = HFG85UBJFK;
				GENERATE_INFOPLIST_FILE = YES;
				INFOPLIST_FILE = FoodPin/Info.plist;
				INFOPLIST_KEY_UIApplicationSupportsIndirectInputEvents = YES;
				INFOPLIST_KEY_UILaunchStoryboardName = LaunchScreen;
				INFOPLIST_KEY_UIMainStoryboardFile = Main;
				INFOPLIST_KEY_UISupportedInterfaceOrientations = UIInterfaceOrientationPortrait;
				INFOPLIST_KEY_UISupportedInterfaceOrientations_iPad = "UIInterfaceOrientationLandscapeLeft UIInterfaceOrientationLandscapeRight UIInterfaceOrientationPortrait UIInterfaceOrientationPortraitUpsideDown";
				IPHONEOS_DEPLOYMENT_TARGET = 13.0;
				LD_RUNPATH_SEARCH_PATHS = (
					"$(inherited)",
					"@executable_path/Frameworks",
				);
				MARKETING_VERSION = 1.0;
				PRODUCT_BUNDLE_IDENTIFIER = com.vietphuongdo.FoodPin;
				PRODUCT_NAME = "$(TARGET_NAME)";
				SUPPORTED_PLATFORMS = "iphoneos iphonesimulator";
				SUPPORTS_MACCATALYST = NO;
				SUPPORTS_MAC_DESIGNED_FOR_IPHONE_IPAD = NO;
				SWIFT_EMIT_LOC_STRINGS = YES;
				SWIFT_VERSION = 5.0;
				TARGETED_DEVICE_FAMILY = 1;
			};
			name = Debug;
		};
		D429EDE72BFB4A3700E6F7FA /* Release */ = {
			isa = XCBuildConfiguration;
			buildSettings = {
				ASSETCATALOG_COMPILER_APPICON_NAME = AppIcon;
				ASSETCATALOG_COMPILER_GLOBAL_ACCENT_COLOR_NAME = AccentColor;
				CODE_SIGN_STYLE = Automatic;
				CURRENT_PROJECT_VERSION = 1;
				DEVELOPMENT_TEAM = HFG85UBJFK;
				GENERATE_INFOPLIST_FILE = YES;
				INFOPLIST_FILE = FoodPin/Info.plist;
				INFOPLIST_KEY_UIApplicationSupportsIndirectInputEvents = YES;
				INFOPLIST_KEY_UILaunchStoryboardName = LaunchScreen;
				INFOPLIST_KEY_UIMainStoryboardFile = Main;
				INFOPLIST_KEY_UISupportedInterfaceOrientations = UIInterfaceOrientationPortrait;
				INFOPLIST_KEY_UISupportedInterfaceOrientations_iPad = "UIInterfaceOrientationLandscapeLeft UIInterfaceOrientationLandscapeRight UIInterfaceOrientationPortrait UIInterfaceOrientationPortraitUpsideDown";
				IPHONEOS_DEPLOYMENT_TARGET = 13.0;
				LD_RUNPATH_SEARCH_PATHS = (
					"$(inherited)",
					"@executable_path/Frameworks",
				);
				MARKETING_VERSION = 1.0;
				PRODUCT_BUNDLE_IDENTIFIER = com.vietphuongdo.FoodPin;
				PRODUCT_NAME = "$(TARGET_NAME)";
				SUPPORTED_PLATFORMS = "iphoneos iphonesimulator";
				SUPPORTS_MACCATALYST = NO;
				SUPPORTS_MAC_DESIGNED_FOR_IPHONE_IPAD = NO;
				SWIFT_EMIT_LOC_STRINGS = YES;
				SWIFT_VERSION = 5.0;
				TARGETED_DEVICE_FAMILY = 1;
			};
			name = Release;
		};
/* End XCBuildConfiguration section */

/* Begin XCConfigurationList section */
		D429EDCC2BFB4A3400E6F7FA /* Build configuration list for PBXProject "FoodPin" */ = {
			isa = XCConfigurationList;
			buildConfigurations = (
				D429EDE32BFB4A3700E6F7FA /* Debug */,
				D429EDE42BFB4A3700E6F7FA /* Release */,
			);
			defaultConfigurationIsVisible = 0;
			defaultConfigurationName = Release;
		};
		D429EDE52BFB4A3700E6F7FA /* Build configuration list for PBXNativeTarget "FoodPin" */ = {
			isa = XCConfigurationList;
			buildConfigurations = (
				D429EDE62BFB4A3700E6F7FA /* Debug */,
				D429EDE72BFB4A3700E6F7FA /* Release */,
			);
			defaultConfigurationIsVisible = 0;
			defaultConfigurationName = Release;
		};
/* End XCConfigurationList section */
	};
	rootObject = D429EDC92BFB4A3400E6F7FA /* Project object */;
}
